# THIS IS AN AUTOGENERATED FILE. DO NOT EDIT THIS FILE DIRECTLY.
# yarn lockfile v1


almond@~0.3.1:
  version "0.3.3"
  resolved "https://registry.yarnpkg.com/almond/-/almond-0.3.3.tgz#a0e7c95ac7624d6417b4494b1e68bff693168a20"
  integrity sha1-oOfJWsdiTWQXtElLHmi/9pMWiiA=

bootstrap-sass@3.3.7:
  version "3.3.7"
  resolved "https://registry.yarnpkg.com/bootstrap-sass/-/bootstrap-sass-3.3.7.tgz#6596c7ab40f6637393323ab0bc80d064fc630498"
  integrity sha1-ZZbHq0D2Y3OTMjqwvIDQZPxjBJg=

bootstrap@^4.6.0:
  version "4.6.1"
  resolved "https://registry.yarnpkg.com/bootstrap/-/bootstrap-4.6.1.tgz#bc25380c2c14192374e8dec07cf01b2742d222a2"
  integrity sha512-0dj+VgI9Ecom+rvvpNZ4MUZJz8dcX7WCX+eTID9+/8HgOkv3dsRzi8BGeZJCQU6flWQVYxwTQnEZFrmJSEO7og==

font-awesome@4.7.0:
  version "4.7.0"
  resolved "https://registry.yarnpkg.com/font-awesome/-/font-awesome-4.7.0.tgz#8fa8cf0411a1a31afd07b06d2902bb9fc815a133"
  integrity sha1-j6jPBBGhoxr9B7BtKQK7n8gVoTM=

jquery-lazy@^1.7.11:
  version "1.7.11"
  resolved "https://registry.yarnpkg.com/jquery-lazy/-/jquery-lazy-1.7.11.tgz#f4146501ba64cad95cc5c20f184ac1b1d3712fe5"
  integrity sha512-jNAOMwfgf+lYaOCc/atBVjbOzAIRW5BUyjQ4b4jJPkQM6I0zGZd4m/Y73ekfAlrQQDg3/Dge3YNhW7Cqjgi0UA==
  dependencies:
    jquery ">=1.7.2"

jquery-mousewheel@~3.1.13:
  version "3.1.13"
  resolved "https://registry.yarnpkg.com/jquery-mousewheel/-/jquery-mousewheel-3.1.13.tgz#06f0335f16e353a695e7206bf50503cb523a6ee5"
  integrity sha1-BvAzXxbjU6aV5yBr9QUDy1I6buU=

jquery@>=1.7.0, jquery@>=1.7.2, jquery@>=1.8.3:
  version "3.6.0"
  resolved "https://registry.yarnpkg.com/jquery/-/jquery-3.6.0.tgz#c72a09f15c1bdce142f49dbf1170bdf8adac2470"
  integrity sha512-JVzAR/AjBvVt2BmYhxRCSYysDsPcssdmTFnzyLEts9qNwmjmu4JTAMYubEfwVOSwpQ1I1sKKFcxhZCI2buerfw==

jssocials@1.5.0:
  version "1.5.0"
  resolved "https://registry.yarnpkg.com/jssocials/-/jssocials-1.5.0.tgz#7dee587e7b98b26c658889da474839a6191144c7"
  integrity sha1-fe5YfnuYsmxliInaR0g5phkRRMc=

owl.carousel@2.3.4:
  version "2.3.4"
  resolved "https://registry.yarnpkg.com/owl.carousel/-/owl.carousel-2.3.4.tgz#6c53dc8d24304b790e4f27a1dc4a655e973ccdc9"
  integrity sha512-JaDss9+feAvEW8KZppPSpllfposEzQiW+Ytt/Xm5t/3CTJ7YVmkh6RkWixoA2yXk2boIwedYxOvrrppIGzru9A==
  dependencies:
    jquery ">=1.8.3"

select2@4.0.5:
  version "4.0.5"
  resolved "https://registry.yarnpkg.com/select2/-/select2-4.0.5.tgz#7aac50692561985b34d3b82ec55e226f8960d40a"
  integrity sha1-eqxQaSVhmFs007guxV4ib4lg1Ao=
  dependencies:
    almond "~0.3.1"
    jquery-mousewheel "~3.1.13"

smartmenus@1.1.0:
  version "1.1.0"
  resolved "https://registry.yarnpkg.com/smartmenus/-/smartmenus-1.1.0.tgz#19da8c61e02f7148d21510a7e5a70cd54cf4f1c7"
  integrity sha1-GdqMYeAvcUjSFRCn5acM1Uz08cc=
  dependencies:
    jquery ">=1.7.0"
